
Microsoft Visual Studio Solution File, Format Version 12.00
# Visual Studio Version 17
VisualStudioVersion = 17.7.34031.279
MinimumVisualStudioVersion = 10.0.40219.1
Project("{F184B08F-C81C-45F6-A57F-5ABD9991F28F}") = "12. Example for Looping", "12. Example for Looping\12. Example for Looping.vbproj", "{101651C9-4570-41BA-B1AE-7F3234B5B242}"
EndProject
Global
	GlobalSection(SolutionConfigurationPlatforms) = preSolution
		Debug|Any CPU = Debug|Any CPU
		Release|Any CPU = Release|Any CPU
	EndGlobalSection
	GlobalSection(ProjectConfigurationPlatforms) = postSolution
		{101651C9-4570-41BA-B1AE-7F3234B5B242}.Debug|Any CPU.ActiveCfg = Debug|Any CPU
		{101651C9-4570-41BA-B1AE-7F3234B5B242}.Debug|Any CPU.Build.0 = Debug|Any CPU
		{101651C9-4570-41BA-B1AE-7F3234B5B242}.Release|Any CPU.ActiveCfg = Release|Any CPU
		{101651C9-4570-41BA-B1AE-7F3234B5B242}.Release|Any CPU.Build.0 = Release|Any CPU
	EndGlobalSection
	GlobalSection(SolutionProperties) = preSolution
		HideSolutionNode = FALSE
	EndGlobalSection
	GlobalSection(ExtensibilityGlobals) = postSolution
		SolutionGuid = {E294AC22-5CCB-405E-87E4-D5669A732CDC}
	EndGlobalSection
EndGlobal
